// !$*UTF8*$!
{
	archiveVersion = 1;
	classes = {
	};
	objectVersion = 46;
	objects = {

/* Begin PBXBuildFile section */
		C9368A951C4C576000592AA1 /* SwiftBox.framework in Frameworks */ = {isa = PBXBuildFile; fileRef = C9368A941C4C576000592AA1 /* SwiftBox.framework */; };
		C9824DBB1C6F851900502DA4 /* TagTextField.swift in Sources */ = {isa = PBXBuildFile; fileRef = C9824DBA1C6F851900502DA4 /* TagTextField.swift */; };
		C9824DBD1C6FB7CC00502DA4 /* TagButton.swift in Sources */ = {isa = PBXBuildFile; fileRef = C9824DBC1C6FB7CC00502DA4 /* TagButton.swift */; };
		C9824DBF1C6FC58600502DA4 /* Sizeable.swift in Sources */ = {isa = PBXBuildFile; fileRef = C9824DBE1C6FC58600502DA4 /* Sizeable.swift */; };
		C9C354A21C49CAB800B64791 /* AppDelegate.swift in Sources */ = {isa = PBXBuildFile; fileRef = C9C354A11C49CAB800B64791 /* AppDelegate.swift */; };
		C9C354A41C49CAB800B64791 /* ViewController.swift in Sources */ = {isa = PBXBuildFile; fileRef = C9C354A31C49CAB800B64791 /* ViewController.swift */; };
		C9C354A71C49CAB800B64791 /* Main.storyboard in Resources */ = {isa = PBXBuildFile; fileRef = C9C354A51C49CAB800B64791 /* Main.storyboard */; };
		C9C354A91C49CAB800B64791 /* Assets.xcassets in Resources */ = {isa = PBXBuildFile; fileRef = C9C354A81C49CAB800B64791 /* Assets.xcassets */; };
		C9C354AC1C49CAB800B64791 /* LaunchScreen.storyboard in Resources */ = {isa = PBXBuildFile; fileRef = C9C354AA1C49CAB800B64791 /* LaunchScreen.storyboard */; };
		C9C354DD1C49CC6500B64791 /* WCTagField.swift in Sources */ = {isa = PBXBuildFile; fileRef = C9C354DC1C49CC6500B64791 /* WCTagField.swift */; };
/* End PBXBuildFile section */

/* Begin PBXFileReference section */
		C9368A941C4C576000592AA1 /* SwiftBox.framework */ = {isa = PBXFileReference; lastKnownFileType = wrapper.framework; name = SwiftBox.framework; path = ../Carthage/Build/iOS/SwiftBox.framework; sourceTree = "<group>"; };
		C9824DBA1C6F851900502DA4 /* TagTextField.swift */ = {isa = PBXFileReference; fileEncoding = 4; lastKnownFileType = sourcecode.swift; path = TagTextField.swift; sourceTree = "<group>"; };
		C9824DBC1C6FB7CC00502DA4 /* TagButton.swift */ = {isa = PBXFileReference; fileEncoding = 4; lastKnownFileType = sourcecode.swift; path = TagButton.swift; sourceTree = "<group>"; };
		C9824DBE1C6FC58600502DA4 /* Sizeable.swift */ = {isa = PBXFileReference; fileEncoding = 4; lastKnownFileType = sourcecode.swift; path = Sizeable.swift; sourceTree = "<group>"; };
		C9C3549E1C49CAB800B64791 /* WCTagField.app */ = {isa = PBXFileReference; explicitFileType = wrapper.application; includeInIndex = 0; path = WCTagField.app; sourceTree = BUILT_PRODUCTS_DIR; };
		C9C354A11C49CAB800B64791 /* AppDelegate.swift */ = {isa = PBXFileReference; lastKnownFileType = sourcecode.swift; path = AppDelegate.swift; sourceTree = "<group>"; };
		C9C354A31C49CAB800B64791 /* ViewController.swift */ = {isa = PBXFileReference; lastKnownFileType = sourcecode.swift; path = ViewController.swift; sourceTree = "<group>"; };
		C9C354A61C49CAB800B64791 /* Base */ = {isa = PBXFileReference; lastKnownFileType = file.storyboard; name = Base; path = Base.lproj/Main.storyboard; sourceTree = "<group>"; };
		C9C354A81C49CAB800B64791 /* Assets.xcassets */ = {isa = PBXFileReference; lastKnownFileType = folder.assetcatalog; path = Assets.xcassets; sourceTree = "<group>"; };
		C9C354AB1C49CAB800B64791 /* Base */ = {isa = PBXFileReference; lastKnownFileType = file.storyboard; name = Base; path = Base.lproj/LaunchScreen.storyboard; sourceTree = "<group>"; };
		C9C354AD1C49CAB800B64791 /* Info.plist */ = {isa = PBXFileReference; lastKnownFileType = text.plist.xml; path = Info.plist; sourceTree = "<group>"; };
		C9C354DC1C49CC6500B64791 /* WCTagField.swift */ = {isa = PBXFileReference; fileEncoding = 4; lastKnownFileType = sourcecode.swift; path = WCTagField.swift; sourceTree = "<group>"; };
/* End PBXFileReference section */

/* Begin PBXFrameworksBuildPhase section */
		C9C3549B1C49CAB800B64791 /* Frameworks */ = {
			isa = PBXFrameworksBuildPhase;
			buildActionMask = 2147483647;
			files = (
				C9368A951C4C576000592AA1 /* SwiftBox.framework in Frameworks */,
			);
			runOnlyForDeploymentPostprocessing = 0;
		};
/* End PBXFrameworksBuildPhase section */

/* Begin PBXGroup section */
		C9C354951C49CAB800B64791 = {
			isa = PBXGroup;
			children = (
				C9C354A01C49CAB800B64791 /* WCTagField */,
				C9C3549F1C49CAB800B64791 /* Products */,
			);
			sourceTree = "<group>";
		};
		C9C3549F1C49CAB800B64791 /* Products */ = {
			isa = PBXGroup;
			children = (
				C9C3549E1C49CAB800B64791 /* WCTagField.app */,
			);
			name = Products;
			sourceTree = "<group>";
		};
		C9C354A01C49CAB800B64791 /* WCTagField */ = {
			isa = PBXGroup;
			children = (
				C9C354A11C49CAB800B64791 /* AppDelegate.swift */,
				C9C354A31C49CAB800B64791 /* ViewController.swift */,
				C9C354DC1C49CC6500B64791 /* WCTagField.swift */,
				C9824DBA1C6F851900502DA4 /* TagTextField.swift */,
				C9824DBC1C6FB7CC00502DA4 /* TagButton.swift */,
				C9824DBE1C6FC58600502DA4 /* Sizeable.swift */,
				C9C354A51C49CAB800B64791 /* Main.storyboard */,
				C9C354A81C49CAB800B64791 /* Assets.xcassets */,
				C9C354AA1C49CAB800B64791 /* LaunchScreen.storyboard */,
				C9C354AD1C49CAB800B64791 /* Info.plist */,
				C9368A941C4C576000592AA1 /* SwiftBox.framework */,
			);
			path = WCTagField;
			sourceTree = "<group>";
		};
/* End PBXGroup section */

/* Begin PBXNativeTarget section */
		C9C3549D1C49CAB800B64791 /* WCTagField */ = {
			isa = PBXNativeTarget;
			buildConfigurationList = C9C354B01C49CAB800B64791 /* Build configuration list for PBXNativeTarget "WCTagField" */;
			buildPhases = (
				C9C3549A1C49CAB800B64791 /* Sources */,
				C9C3549B1C49CAB800B64791 /* Frameworks */,
				C9C3549C1C49CAB800B64791 /* Resources */,
				C9368A961C4C57E200592AA1 /* ShellScript */,
			);
			buildRules = (
			);
			dependencies = (
			);
			name = WCTagField;
			productName = WCTagField;
			productReference = C9C3549E1C49CAB800B64791 /* WCTagField.app */;
			productType = "com.apple.product-type.application";
		};
/* End PBXNativeTarget section */

/* Begin PBXProject section */
		C9C354961C49CAB800B64791 /* Project object */ = {
			isa = PBXProject;
			attributes = {
				LastSwiftUpdateCheck = 0720;
				LastUpgradeCheck = 0720;
				ORGANIZATIONNAME = wczekalski;
				TargetAttributes = {
					C9C3549D1C49CAB800B64791 = {
						CreatedOnToolsVersion = 7.2;
						DevelopmentTeam = 25UJHK4C3S;
					};
				};
			};
			buildConfigurationList = C9C354991C49CAB800B64791 /* Build configuration list for PBXProject "WCTagField" */;
			compatibilityVersion = "Xcode 3.2";
			developmentRegion = English;
			hasScannedForEncodings = 0;
			knownRegions = (
				en,
				Base,
			);
			mainGroup = C9C354951C49CAB800B64791;
			productRefGroup = C9C3549F1C49CAB800B64791 /* Products */;
			projectDirPath = "";
			projectRoot = "";
			targets = (
				C9C3549D1C49CAB800B64791 /* WCTagField */,
			);
		};
/* End PBXProject section */

/* Begin PBXResourcesBuildPhase section */
		C9C3549C1C49CAB800B64791 /* Resources */ = {
			isa = PBXResourcesBuildPhase;
			buildActionMask = 2147483647;
			files = (
				C9C354AC1C49CAB800B64791 /* LaunchScreen.storyboard in Resources */,
				C9C354A91C49CAB800B64791 /* Assets.xcassets in Resources */,
				C9C354A71C49CAB800B64791 /* Main.storyboard in Resources */,
			);
			runOnlyForDeploymentPostprocessing = 0;
		};
/* End PBXResourcesBuildPhase section */

/* Begin PBXShellScriptBuildPhase section */
		C9368A961C4C57E200592AA1 /* ShellScript */ = {
			isa = PBXShellScriptBuildPhase;
			buildActionMask = 2147483647;
			files = (
			);
			inputPaths = (
				"$(SRCROOT)/Carthage/Build/iOS/SwiftBox.framework",
			);
			outputPaths = (
			);
			runOnlyForDeploymentPostprocessing = 0;
			shellPath = /bin/sh;
			shellScript = "/usr/local/bin/carthage copy-frameworks";
		};
/* End PBXShellScriptBuildPhase section */

/* Begin PBXSourcesBuildPhase section */
		C9C3549A1C49CAB800B64791 /* Sources */ = {
			isa = PBXSourcesBuildPhase;
			buildActionMask = 2147483647;
			files = (
				C9824DBD1C6FB7CC00502DA4 /* TagButton.swift in Sources */,
				C9C354A41C49CAB800B64791 /* ViewController.swift in Sources */,
				C9824DBF1C6FC58600502DA4 /* Sizeable.swift in Sources */,
				C9C354DD1C49CC6500B64791 /* WCTagField.swift in Sources */,
				C9824DBB1C6F851900502DA4 /* TagTextField.swift in Sources */,
				C9C354A21C49CAB800B64791 /* AppDelegate.swift in Sources */,
			);
			runOnlyForDeploymentPostprocessing = 0;
		};
/* End PBXSourcesBuildPhase section */

/* Begin PBXVariantGroup section */
		C9C354A51C49CAB800B64791 /* Main.storyboard */ = {
			isa = PBXVariantGroup;
			children = (
				C9C354A61C49CAB800B64791 /* Base */,
			);
			name = Main.storyboard;
			sourceTree = "<group>";
		};
		C9C354AA1C49CAB800B64791 /* LaunchScreen.storyboard */ = {
			isa = PBXVariantGroup;
			children = (
				C9C354AB1C49CAB800B64791 /* Base */,
			);
			name = LaunchScreen.storyboard;
			sourceTree = "<group>";
		};
/* End PBXVariantGroup section */

/* Begin XCBuildConfiguration section */
		C9C354AE1C49CAB800B64791 /* Debug */ = {
			isa = XCBuildConfiguration;
			buildSettings = {
				ALWAYS_SEARCH_USER_PATHS = NO;
				CLANG_CXX_LANGUAGE_STANDARD = "gnu++0x";
				CLANG_CXX_LIBRARY = "libc++";
				CLANG_ENABLE_MODULES = YES;
				CLANG_ENABLE_OBJC_ARC = YES;
				CLANG_WARN_BOOL_CONVERSION = YES;
				CLANG_WARN_CONSTANT_CONVERSION = YES;
				CLANG_WARN_DIRECT_OBJC_ISA_USAGE = YES_ERROR;
				CLANG_WARN_EMPTY_BODY = YES;
				CLANG_WARN_ENUM_CONVERSION = YES;
				CLANG_WARN_INT_CONVERSION = YES;
				CLANG_WARN_OBJC_ROOT_CLASS = YES_ERROR;
				CLANG_WARN_UNREACHABLE_CODE = YES;
				CLANG_WARN__DUPLICATE_METHOD_MATCH = YES;
				"CODE_SIGN_IDENTITY[sdk=iphoneos*]" = "iPhone Developer";
				COPY_PHASE_STRIP = NO;
				DEBUG_INFORMATION_FORMAT = dwarf;
				ENABLE_STRICT_OBJC_MSGSEND = YES;
				ENABLE_TESTABILITY = YES;
				GCC_C_LANGUAGE_STANDARD = gnu99;
				GCC_DYNAMIC_NO_PIC = NO;
				GCC_NO_COMMON_BLOCKS = YES;
				GCC_OPTIMIZATION_LEVEL = 0;
				GCC_PREPROCESSOR_DEFINITIONS = (
					"DEBUG=1",
					"$(inherited)",
				);
				GCC_WARN_64_TO_32_BIT_CONVERSION = YES;
				GCC_WARN_ABOUT_RETURN_TYPE = YES_ERROR;
				GCC_WARN_UNDECLARED_SELECTOR = YES;
				GCC_WARN_UNINITIALIZED_AUTOS = YES_AGGRESSIVE;
				GCC_WARN_UNUSED_FUNCTION = YES;
				GCC_WARN_UNUSED_VARIABLE = YES;
				IPHONEOS_DEPLOYMENT_TARGET = 9.2;
				MTL_ENABLE_DEBUG_INFO = YES;
				ONLY_ACTIVE_ARCH = YES;
				SDKROOT = iphoneos;
				SWIFT_OPTIMIZATION_LEVEL = "-Onone";
				TARGETED_DEVICE_FAMILY = "1,2";
			};
			name = Debug;
		};
		C9C354AF1C49CAB800B64791 /* Release */ = {
			isa = XCBuildConfiguration;
			buildSettings = {
				ALWAYS_SEARCH_USER_PATHS = NO;
				CLANG_CXX_LANGUAGE_STANDARD = "gnu++0x";
				CLANG_CXX_LIBRARY = "libc++";
				CLANG_ENABLE_MODULES = YES;
				CLANG_ENABLE_OBJC_ARC = YES;
				CLANG_WARN_BOOL_CONVERSION = YES;
				CLANG_WARN_CONSTANT_CONVERSION = YES;
				CLANG_WARN_DIRECT_OBJC_ISA_USAGE = YES_ERROR;
				CLANG_WARN_EMPTY_BODY = YES;
				CLANG_WARN_ENUM_CONVERSION = YES;
				CLANG_WARN_INT_CONVERSION = YES;
				CLANG_WARN_OBJC_ROOT_CLASS = YES_ERROR;
				CLANG_WARN_UNREACHABLE_CODE = YES;
				CLANG_WARN__DUPLICATE_METHOD_MATCH = YES;
				"CODE_SIGN_IDENTITY[sdk=iphoneos*]" = "iPhone Developer";
				COPY_PHASE_STRIP = NO;
				DEBUG_INFORMATION_FORMAT = "dwarf-with-dsym";
				ENABLE_NS_ASSERTIONS = NO;
				ENABLE_STRICT_OBJC_MSGSEND = YES;
				GCC_C_LANGUAGE_STANDARD = gnu99;
				GCC_NO_COMMON_BLOCKS = YES;
				GCC_WARN_64_TO_32_BIT_CONVERSION = YES;
				GCC_WARN_ABOUT_RETURN_TYPE = YES_ERROR;
				GCC_WARN_UNDECLARED_SELECTOR = YES;
				GCC_WARN_UNINITIALIZED_AUTOS = YES_AGGRESSIVE;
				GCC_WARN_UNUSED_FUNCTION = YES;
				GCC_WARN_UNUSED_VARIABLE = YES;
				IPHONEOS_DEPLOYMENT_TARGET = 9.2;
				MTL_ENABLE_DEBUG_INFO = NO;
				SDKROOT = iphoneos;
				TARGETED_DEVICE_FAMILY = "1,2";
				VALIDATE_PRODUCT = YES;
			};
			name = Release;
		};
		C9C354B11C49CAB800B64791 /* Debug */ = {
			isa = XCBuildConfiguration;
			buildSettings = {
				ASSETCATALOG_COMPILER_APPICON_NAME = AppIcon;
				FRAMEWORK_SEARCH_PATHS = (
					"$(inherited)",
					"$(PROJECT_DIR)/Carthage/Build/iOS",
				);
				INFOPLIST_FILE = WCTagField/Info.plist;
				LD_RUNPATH_SEARCH_PATHS = "$(inherited) @executable_path/Frameworks";
				PRODUCT_BUNDLE_IDENTIFIER = com.wczekalski.WCTagField;
				PRODUCT_NAME = "$(TARGET_NAME)";
			};
			name = Debug;
		};
		C9C354B21C49CAB800B64791 /* Release */ = {
			isa = XCBuildConfiguration;
			buildSettings = {
				ASSETCATALOG_COMPILER_APPICON_NAME = AppIcon;
				FRAMEWORK_SEARCH_PATHS = (
					"$(inherited)",
					"$(PROJECT_DIR)/Carthage/Build/iOS",
				);
				INFOPLIST_FILE = WCTagField/Info.plist;
				LD_RUNPATH_SEARCH_PATHS = "$(inherited) @executable_path/Frameworks";
				PRODUCT_BUNDLE_IDENTIFIER = com.wczekalski.WCTagField;
				PRODUCT_NAME = "$(TARGET_NAME)";
			};
			name = Release;
		};
/* End XCBuildConfiguration section */

/* Begin XCConfigurationList section */
		C9C354991C49CAB800B64791 /* Build configuration list for PBXProject "WCTagField" */ = {
			isa = XCConfigurationList;
			buildConfigurations = (
				C9C354AE1C49CAB800B64791 /* Debug */,
				C9C354AF1C49CAB800B64791 /* Release */,
			);
			defaultConfigurationIsVisible = 0;
			defaultConfigurationName = Release;
		};
		C9C354B01C49CAB800B64791 /* Build configuration list for PBXNativeTarget "WCTagField" */ = {
			isa = XCConfigurationList;
			buildConfigurations = (
				C9C354B11C49CAB800B64791 /* Debug */,
				C9C354B21C49CAB800B64791 /* Release */,
			);
			defaultConfigurationIsVisible = 0;
			defaultConfigurationName = Release;
		};
/* End XCConfigurationList section */
	};
	rootObject = C9C354961C49CAB800B64791 /* Project object */;
}
